// !$*UTF8*$!
{
	archiveVersion = 1;
	classes = {
	};
	objectVersion = 56;
	objects = {

/* Begin PBXBuildFile section */
		4344399329FCD2DE002F292F /* AppDelegate.swift in Sources */ = {isa = PBXBuildFile; fileRef = 4344399229FCD2DE002F292F /* AppDelegate.swift */; };
		4344399529FCD2DE002F292F /* SceneDelegate.swift in Sources */ = {isa = PBXBuildFile; fileRef = 4344399429FCD2DE002F292F /* SceneDelegate.swift */; };
		4344399729FCD2DE002F292F /* ViewController.swift in Sources */ = {isa = PBXBuildFile; fileRef = 4344399629FCD2DE002F292F /* ViewController.swift */; };
		4344399A29FCD2DE002F292F /* Main.storyboard in Resources */ = {isa = PBXBuildFile; fileRef = 4344399829FCD2DE002F292F /* Main.storyboard */; };
		4344399C29FCD2DF002F292F /* Assets.xcassets in Resources */ = {isa = PBXBuildFile; fileRef = 4344399B29FCD2DF002F292F /* Assets.xcassets */; };
		4344399F29FCD2DF002F292F /* LaunchScreen.storyboard in Resources */ = {isa = PBXBuildFile; fileRef = 4344399D29FCD2DF002F292F /* LaunchScreen.storyboard */; };
		85F2CA2029FCEF480054E932 /* CALayer+.swift in Sources */ = {isa = PBXBuildFile; fileRef = 85F2CA1229FCEF480054E932 /* CALayer+.swift */; };
		85F2CA2129FCEF480054E932 /* NSObject+.swift in Sources */ = {isa = PBXBuildFile; fileRef = 85F2CA1329FCEF480054E932 /* NSObject+.swift */; };
		85F2CA2229FCEF480054E932 /* UIFont+.swift in Sources */ = {isa = PBXBuildFile; fileRef = 85F2CA1429FCEF480054E932 /* UIFont+.swift */; };
		85F2CA2329FCEF480054E932 /* UIView+.swift in Sources */ = {isa = PBXBuildFile; fileRef = 85F2CA1529FCEF480054E932 /* UIView+.swift */; };
		85F2CA2429FCEF480054E932 /* String+.swift in Sources */ = {isa = PBXBuildFile; fileRef = 85F2CA1629FCEF480054E932 /* String+.swift */; };
		85F2CA2529FCEF480054E932 /* UIStackView+.swift in Sources */ = {isa = PBXBuildFile; fileRef = 85F2CA1729FCEF480054E932 /* UIStackView+.swift */; };
		85F2CA2629FCEF480054E932 /* UIImageView+.swift in Sources */ = {isa = PBXBuildFile; fileRef = 85F2CA1829FCEF480054E932 /* UIImageView+.swift */; };
		85F2CA2729FCEF480054E932 /* UIViewController+.swift in Sources */ = {isa = PBXBuildFile; fileRef = 85F2CA1929FCEF480054E932 /* UIViewController+.swift */; };
		85F2CA2829FCEF480054E932 /* UILabel+.swift in Sources */ = {isa = PBXBuildFile; fileRef = 85F2CA1A29FCEF480054E932 /* UILabel+.swift */; };
		85F2CA2929FCEF480054E932 /* UIButton+.swift in Sources */ = {isa = PBXBuildFile; fileRef = 85F2CA1B29FCEF480054E932 /* UIButton+.swift */; };
		85F2CA2A29FCEF480054E932 /* UICollectionVIew+.swift in Sources */ = {isa = PBXBuildFile; fileRef = 85F2CA1C29FCEF480054E932 /* UICollectionVIew+.swift */; };
		85F2CA2B29FCEF480054E932 /* UITextField+.swift in Sources */ = {isa = PBXBuildFile; fileRef = 85F2CA1D29FCEF480054E932 /* UITextField+.swift */; };
		85F2CA2C29FCEF480054E932 /* UIColor+.swift in Sources */ = {isa = PBXBuildFile; fileRef = 85F2CA1E29FCEF480054E932 /* UIColor+.swift */; };
		85F2CA2D29FCEF480054E932 /* Adjusted+.swift in Sources */ = {isa = PBXBuildFile; fileRef = 85F2CA1F29FCEF480054E932 /* Adjusted+.swift */; };
		85F2CA3029FCEF7A0054E932 /* SnapKit in Frameworks */ = {isa = PBXBuildFile; productRef = 85F2CA2F29FCEF7A0054E932 /* SnapKit */; };
		85F2CA3329FCEFAB0054E932 /* Moya in Frameworks */ = {isa = PBXBuildFile; productRef = 85F2CA3229FCEFAB0054E932 /* Moya */; };
		85F2CA3629FCEFBC0054E932 /* Then in Frameworks */ = {isa = PBXBuildFile; productRef = 85F2CA3529FCEFBC0054E932 /* Then */; };
/* End PBXBuildFile section */

/* Begin PBXFileReference section */
		4344398F29FCD2DE002F292F /* DinnerHack.app */ = {isa = PBXFileReference; explicitFileType = wrapper.application; includeInIndex = 0; path = DinnerHack.app; sourceTree = BUILT_PRODUCTS_DIR; };
		4344399229FCD2DE002F292F /* AppDelegate.swift */ = {isa = PBXFileReference; lastKnownFileType = sourcecode.swift; path = AppDelegate.swift; sourceTree = "<group>"; };
		4344399429FCD2DE002F292F /* SceneDelegate.swift */ = {isa = PBXFileReference; lastKnownFileType = sourcecode.swift; path = SceneDelegate.swift; sourceTree = "<group>"; };
		4344399629FCD2DE002F292F /* ViewController.swift */ = {isa = PBXFileReference; lastKnownFileType = sourcecode.swift; path = ViewController.swift; sourceTree = "<group>"; };
		4344399929FCD2DE002F292F /* Base */ = {isa = PBXFileReference; lastKnownFileType = file.storyboard; name = Base; path = Base.lproj/Main.storyboard; sourceTree = "<group>"; };
		4344399B29FCD2DF002F292F /* Assets.xcassets */ = {isa = PBXFileReference; lastKnownFileType = folder.assetcatalog; path = Assets.xcassets; sourceTree = "<group>"; };
		4344399E29FCD2DF002F292F /* Base */ = {isa = PBXFileReference; lastKnownFileType = file.storyboard; name = Base; path = Base.lproj/LaunchScreen.storyboard; sourceTree = "<group>"; };
		434439A029FCD2DF002F292F /* Info.plist */ = {isa = PBXFileReference; lastKnownFileType = text.plist.xml; path = Info.plist; sourceTree = "<group>"; };
		85F2CA1229FCEF480054E932 /* CALayer+.swift */ = {isa = PBXFileReference; fileEncoding = 4; lastKnownFileType = sourcecode.swift; path = "CALayer+.swift"; sourceTree = "<group>"; };
		85F2CA1329FCEF480054E932 /* NSObject+.swift */ = {isa = PBXFileReference; fileEncoding = 4; lastKnownFileType = sourcecode.swift; path = "NSObject+.swift"; sourceTree = "<group>"; };
		85F2CA1429FCEF480054E932 /* UIFont+.swift */ = {isa = PBXFileReference; fileEncoding = 4; lastKnownFileType = sourcecode.swift; path = "UIFont+.swift"; sourceTree = "<group>"; };
		85F2CA1529FCEF480054E932 /* UIView+.swift */ = {isa = PBXFileReference; fileEncoding = 4; lastKnownFileType = sourcecode.swift; path = "UIView+.swift"; sourceTree = "<group>"; };
		85F2CA1629FCEF480054E932 /* String+.swift */ = {isa = PBXFileReference; fileEncoding = 4; lastKnownFileType = sourcecode.swift; path = "String+.swift"; sourceTree = "<group>"; };
		85F2CA1729FCEF480054E932 /* UIStackView+.swift */ = {isa = PBXFileReference; fileEncoding = 4; lastKnownFileType = sourcecode.swift; path = "UIStackView+.swift"; sourceTree = "<group>"; };
		85F2CA1829FCEF480054E932 /* UIImageView+.swift */ = {isa = PBXFileReference; fileEncoding = 4; lastKnownFileType = sourcecode.swift; path = "UIImageView+.swift"; sourceTree = "<group>"; };
		85F2CA1929FCEF480054E932 /* UIViewController+.swift */ = {isa = PBXFileReference; fileEncoding = 4; lastKnownFileType = sourcecode.swift; path = "UIViewController+.swift"; sourceTree = "<group>"; };
		85F2CA1A29FCEF480054E932 /* UILabel+.swift */ = {isa = PBXFileReference; fileEncoding = 4; lastKnownFileType = sourcecode.swift; path = "UILabel+.swift"; sourceTree = "<group>"; };
		85F2CA1B29FCEF480054E932 /* UIButton+.swift */ = {isa = PBXFileReference; fileEncoding = 4; lastKnownFileType = sourcecode.swift; path = "UIButton+.swift"; sourceTree = "<group>"; };
		85F2CA1C29FCEF480054E932 /* UICollectionVIew+.swift */ = {isa = PBXFileReference; fileEncoding = 4; lastKnownFileType = sourcecode.swift; path = "UICollectionVIew+.swift"; sourceTree = "<group>"; };
		85F2CA1D29FCEF480054E932 /* UITextField+.swift */ = {isa = PBXFileReference; fileEncoding = 4; lastKnownFileType = sourcecode.swift; path = "UITextField+.swift"; sourceTree = "<group>"; };
		85F2CA1E29FCEF480054E932 /* UIColor+.swift */ = {isa = PBXFileReference; fileEncoding = 4; lastKnownFileType = sourcecode.swift; path = "UIColor+.swift"; sourceTree = "<group>"; };
		85F2CA1F29FCEF480054E932 /* Adjusted+.swift */ = {isa = PBXFileReference; fileEncoding = 4; lastKnownFileType = sourcecode.swift; path = "Adjusted+.swift"; sourceTree = "<group>"; };
/* End PBXFileReference section */

/* Begin PBXFrameworksBuildPhase section */
		4344398C29FCD2DE002F292F /* Frameworks */ = {
			isa = PBXFrameworksBuildPhase;
			buildActionMask = 2147483647;
			files = (
				85F2CA3329FCEFAB0054E932 /* Moya in Frameworks */,
				85F2CA3629FCEFBC0054E932 /* Then in Frameworks */,
				85F2CA3029FCEF7A0054E932 /* SnapKit in Frameworks */,
			);
			runOnlyForDeploymentPostprocessing = 0;
		};
/* End PBXFrameworksBuildPhase section */

/* Begin PBXGroup section */
		4344398629FCD2DE002F292F = {
			isa = PBXGroup;
			children = (
				4344399129FCD2DE002F292F /* DinnerHack */,
				4344399029FCD2DE002F292F /* Products */,
			);
			sourceTree = "<group>";
		};
		4344399029FCD2DE002F292F /* Products */ = {
			isa = PBXGroup;
			children = (
				4344398F29FCD2DE002F292F /* DinnerHack.app */,
			);
			name = Products;
			sourceTree = "<group>";
		};
		4344399129FCD2DE002F292F /* DinnerHack */ = {
			isa = PBXGroup;
			children = (
				85F2CA1129FCEF480054E932 /* Extension */,
				4344399229FCD2DE002F292F /* AppDelegate.swift */,
				4344399429FCD2DE002F292F /* SceneDelegate.swift */,
				4344399629FCD2DE002F292F /* ViewController.swift */,
				4344399829FCD2DE002F292F /* Main.storyboard */,
				4344399B29FCD2DF002F292F /* Assets.xcassets */,
				4344399D29FCD2DF002F292F /* LaunchScreen.storyboard */,
				434439A029FCD2DF002F292F /* Info.plist */,
			);
			path = DinnerHack;
			sourceTree = "<group>";
		};
		85F2CA1129FCEF480054E932 /* Extension */ = {
			isa = PBXGroup;
			children = (
				85F2CA1229FCEF480054E932 /* CALayer+.swift */,
				85F2CA1329FCEF480054E932 /* NSObject+.swift */,
				85F2CA1429FCEF480054E932 /* UIFont+.swift */,
				85F2CA1529FCEF480054E932 /* UIView+.swift */,
				85F2CA1629FCEF480054E932 /* String+.swift */,
				85F2CA1729FCEF480054E932 /* UIStackView+.swift */,
				85F2CA1829FCEF480054E932 /* UIImageView+.swift */,
				85F2CA1929FCEF480054E932 /* UIViewController+.swift */,
				85F2CA1A29FCEF480054E932 /* UILabel+.swift */,
				85F2CA1B29FCEF480054E932 /* UIButton+.swift */,
				85F2CA1C29FCEF480054E932 /* UICollectionVIew+.swift */,
				85F2CA1D29FCEF480054E932 /* UITextField+.swift */,
				85F2CA1E29FCEF480054E932 /* UIColor+.swift */,
				85F2CA1F29FCEF480054E932 /* Adjusted+.swift */,
			);
			path = Extension;
			sourceTree = "<group>";
		};
/* End PBXGroup section */

/* Begin PBXNativeTarget section */
		4344398E29FCD2DE002F292F /* DinnerHack */ = {
			isa = PBXNativeTarget;
			buildConfigurationList = 434439A329FCD2DF002F292F /* Build configuration list for PBXNativeTarget "DinnerHack" */;
			buildPhases = (
				4344398B29FCD2DE002F292F /* Sources */,
				4344398C29FCD2DE002F292F /* Frameworks */,
				4344398D29FCD2DE002F292F /* Resources */,
			);
			buildRules = (
			);
			dependencies = (
			);
			name = DinnerHack;
			packageProductDependencies = (
				85F2CA2F29FCEF7A0054E932 /* SnapKit */,
				85F2CA3229FCEFAB0054E932 /* Moya */,
				85F2CA3529FCEFBC0054E932 /* Then */,
			);
			productName = DinnerHack;
			productReference = 4344398F29FCD2DE002F292F /* DinnerHack.app */;
			productType = "com.apple.product-type.application";
		};
/* End PBXNativeTarget section */

/* Begin PBXProject section */
		4344398729FCD2DE002F292F /* Project object */ = {
			isa = PBXProject;
			attributes = {
				BuildIndependentTargetsInParallel = 1;
				LastSwiftUpdateCheck = 1430;
				LastUpgradeCheck = 1430;
				TargetAttributes = {
					4344398E29FCD2DE002F292F = {
						CreatedOnToolsVersion = 14.3;
					};
				};
			};
			buildConfigurationList = 4344398A29FCD2DE002F292F /* Build configuration list for PBXProject "DinnerHack" */;
			compatibilityVersion = "Xcode 14.0";
			developmentRegion = en;
			hasScannedForEncodings = 0;
			knownRegions = (
				en,
				Base,
			);
			mainGroup = 4344398629FCD2DE002F292F;
			packageReferences = (
				85F2CA2E29FCEF7A0054E932 /* XCRemoteSwiftPackageReference "SnapKit" */,
				85F2CA3129FCEFAB0054E932 /* XCRemoteSwiftPackageReference "Moya" */,
				85F2CA3429FCEFBC0054E932 /* XCRemoteSwiftPackageReference "Then" */,
			);
			productRefGroup = 4344399029FCD2DE002F292F /* Products */;
			projectDirPath = "";
			projectRoot = "";
			targets = (
				4344398E29FCD2DE002F292F /* DinnerHack */,
			);
		};
/* End PBXProject section */

/* Begin PBXResourcesBuildPhase section */
		4344398D29FCD2DE002F292F /* Resources */ = {
			isa = PBXResourcesBuildPhase;
			buildActionMask = 2147483647;
			files = (
				4344399F29FCD2DF002F292F /* LaunchScreen.storyboard in Resources */,
				4344399C29FCD2DF002F292F /* Assets.xcassets in Resources */,
				4344399A29FCD2DE002F292F /* Main.storyboard in Resources */,
			);
			runOnlyForDeploymentPostprocessing = 0;
		};
/* End PBXResourcesBuildPhase section */

/* Begin PBXSourcesBuildPhase section */
		4344398B29FCD2DE002F292F /* Sources */ = {
			isa = PBXSourcesBuildPhase;
			buildActionMask = 2147483647;
			files = (
				85F2CA2129FCEF480054E932 /* NSObject+.swift in Sources */,
				85F2CA2C29FCEF480054E932 /* UIColor+.swift in Sources */,
				4344399729FCD2DE002F292F /* ViewController.swift in Sources */,
				85F2CA2429FCEF480054E932 /* String+.swift in Sources */,
				85F2CA2329FCEF480054E932 /* UIView+.swift in Sources */,
				85F2CA2629FCEF480054E932 /* UIImageView+.swift in Sources */,
				85F2CA2029FCEF480054E932 /* CALayer+.swift in Sources */,
				85F2CA2B29FCEF480054E932 /* UITextField+.swift in Sources */,
				85F2CA2D29FCEF480054E932 /* Adjusted+.swift in Sources */,
				85F2CA2A29FCEF480054E932 /* UICollectionVIew+.swift in Sources */,
				85F2CA2829FCEF480054E932 /* UILabel+.swift in Sources */,
				85F2CA2929FCEF480054E932 /* UIButton+.swift in Sources */,
				4344399329FCD2DE002F292F /* AppDelegate.swift in Sources */,
				85F2CA2229FCEF480054E932 /* UIFont+.swift in Sources */,
				85F2CA2729FCEF480054E932 /* UIViewController+.swift in Sources */,
				85F2CA2529FCEF480054E932 /* UIStackView+.swift in Sources */,
				4344399529FCD2DE002F292F /* SceneDelegate.swift in Sources */,
			);
			runOnlyForDeploymentPostprocessing = 0;
		};
/* End PBXSourcesBuildPhase section */

/* Begin PBXVariantGroup section */
		4344399829FCD2DE002F292F /* Main.storyboard */ = {
			isa = PBXVariantGroup;
			children = (
				4344399929FCD2DE002F292F /* Base */,
			);
			name = Main.storyboard;
			sourceTree = "<group>";
		};
		4344399D29FCD2DF002F292F /* LaunchScreen.storyboard */ = {
			isa = PBXVariantGroup;
			children = (
				4344399E29FCD2DF002F292F /* Base */,
			);
			name = LaunchScreen.storyboard;
			sourceTree = "<group>";
		};
/* End PBXVariantGroup section */

/* Begin XCBuildConfiguration section */
		434439A129FCD2DF002F292F /* Debug */ = {
			isa = XCBuildConfiguration;
			buildSettings = {
				ALWAYS_SEARCH_USER_PATHS = NO;
				CLANG_ANALYZER_NONNULL = YES;
				CLANG_ANALYZER_NUMBER_OBJECT_CONVERSION = YES_AGGRESSIVE;
				CLANG_CXX_LANGUAGE_STANDARD = "gnu++20";
				CLANG_ENABLE_MODULES = YES;
				CLANG_ENABLE_OBJC_ARC = YES;
				CLANG_ENABLE_OBJC_WEAK = YES;
				CLANG_WARN_BLOCK_CAPTURE_AUTORELEASING = YES;
				CLANG_WARN_BOOL_CONVERSION = YES;
				CLANG_WARN_COMMA = YES;
				CLANG_WARN_CONSTANT_CONVERSION = YES;
				CLANG_WARN_DEPRECATED_OBJC_IMPLEMENTATIONS = YES;
				CLANG_WARN_DIRECT_OBJC_ISA_USAGE = YES_ERROR;
				CLANG_WARN_DOCUMENTATION_COMMENTS = YES;
				CLANG_WARN_EMPTY_BODY = YES;
				CLANG_WARN_ENUM_CONVERSION = YES;
				CLANG_WARN_INFINITE_RECURSION = YES;
				CLANG_WARN_INT_CONVERSION = YES;
				CLANG_WARN_NON_LITERAL_NULL_CONVERSION = YES;
				CLANG_WARN_OBJC_IMPLICIT_RETAIN_SELF = YES;
				CLANG_WARN_OBJC_LITERAL_CONVERSION = YES;
				CLANG_WARN_OBJC_ROOT_CLASS = YES_ERROR;
				CLANG_WARN_QUOTED_INCLUDE_IN_FRAMEWORK_HEADER = YES;
				CLANG_WARN_RANGE_LOOP_ANALYSIS = YES;
				CLANG_WARN_STRICT_PROTOTYPES = YES;
				CLANG_WARN_SUSPICIOUS_MOVE = YES;
				CLANG_WARN_UNGUARDED_AVAILABILITY = YES_AGGRESSIVE;
				CLANG_WARN_UNREACHABLE_CODE = YES;
				CLANG_WARN__DUPLICATE_METHOD_MATCH = YES;
				COPY_PHASE_STRIP = NO;
				DEBUG_INFORMATION_FORMAT = dwarf;
				ENABLE_STRICT_OBJC_MSGSEND = YES;
				ENABLE_TESTABILITY = YES;
				GCC_C_LANGUAGE_STANDARD = gnu11;
				GCC_DYNAMIC_NO_PIC = NO;
				GCC_NO_COMMON_BLOCKS = YES;
				GCC_OPTIMIZATION_LEVEL = 0;
				GCC_PREPROCESSOR_DEFINITIONS = (
					"DEBUG=1",
					"$(inherited)",
				);
				GCC_WARN_64_TO_32_BIT_CONVERSION = YES;
				GCC_WARN_ABOUT_RETURN_TYPE = YES_ERROR;
				GCC_WARN_UNDECLARED_SELECTOR = YES;
				GCC_WARN_UNINITIALIZED_AUTOS = YES_AGGRESSIVE;
				GCC_WARN_UNUSED_FUNCTION = YES;
				GCC_WARN_UNUSED_VARIABLE = YES;
				IPHONEOS_DEPLOYMENT_TARGET = 16.4;
				MTL_ENABLE_DEBUG_INFO = INCLUDE_SOURCE;
				MTL_FAST_MATH = YES;
				ONLY_ACTIVE_ARCH = YES;
				SDKROOT = iphoneos;
				SWIFT_ACTIVE_COMPILATION_CONDITIONS = DEBUG;
				SWIFT_OPTIMIZATION_LEVEL = "-Onone";
			};
			name = Debug;
		};
		434439A229FCD2DF002F292F /* Release */ = {
			isa = XCBuildConfiguration;
			buildSettings = {
				ALWAYS_SEARCH_USER_PATHS = NO;
				CLANG_ANALYZER_NONNULL = YES;
				CLANG_ANALYZER_NUMBER_OBJECT_CONVERSION = YES_AGGRESSIVE;
				CLANG_CXX_LANGUAGE_STANDARD = "gnu++20";
				CLANG_ENABLE_MODULES = YES;
				CLANG_ENABLE_OBJC_ARC = YES;
				CLANG_ENABLE_OBJC_WEAK = YES;
				CLANG_WARN_BLOCK_CAPTURE_AUTORELEASING = YES;
				CLANG_WARN_BOOL_CONVERSION = YES;
				CLANG_WARN_COMMA = YES;
				CLANG_WARN_CONSTANT_CONVERSION = YES;
				CLANG_WARN_DEPRECATED_OBJC_IMPLEMENTATIONS = YES;
				CLANG_WARN_DIRECT_OBJC_ISA_USAGE = YES_ERROR;
				CLANG_WARN_DOCUMENTATION_COMMENTS = YES;
				CLANG_WARN_EMPTY_BODY = YES;
				CLANG_WARN_ENUM_CONVERSION = YES;
				CLANG_WARN_INFINITE_RECURSION = YES;
				CLANG_WARN_INT_CONVERSION = YES;
				CLANG_WARN_NON_LITERAL_NULL_CONVERSION = YES;
				CLANG_WARN_OBJC_IMPLICIT_RETAIN_SELF = YES;
				CLANG_WARN_OBJC_LITERAL_CONVERSION = YES;
				CLANG_WARN_OBJC_ROOT_CLASS = YES_ERROR;
				CLANG_WARN_QUOTED_INCLUDE_IN_FRAMEWORK_HEADER = YES;
				CLANG_WARN_RANGE_LOOP_ANALYSIS = YES;
				CLANG_WARN_STRICT_PROTOTYPES = YES;
				CLANG_WARN_SUSPICIOUS_MOVE = YES;
				CLANG_WARN_UNGUARDED_AVAILABILITY = YES_AGGRESSIVE;
				CLANG_WARN_UNREACHABLE_CODE = YES;
				CLANG_WARN__DUPLICATE_METHOD_MATCH = YES;
				COPY_PHASE_STRIP = NO;
				DEBUG_INFORMATION_FORMAT = "dwarf-with-dsym";
				ENABLE_NS_ASSERTIONS = NO;
				ENABLE_STRICT_OBJC_MSGSEND = YES;
				GCC_C_LANGUAGE_STANDARD = gnu11;
				GCC_NO_COMMON_BLOCKS = YES;
				GCC_WARN_64_TO_32_BIT_CONVERSION = YES;
				GCC_WARN_ABOUT_RETURN_TYPE = YES_ERROR;
				GCC_WARN_UNDECLARED_SELECTOR = YES;
				GCC_WARN_UNINITIALIZED_AUTOS = YES_AGGRESSIVE;
				GCC_WARN_UNUSED_FUNCTION = YES;
				GCC_WARN_UNUSED_VARIABLE = YES;
				IPHONEOS_DEPLOYMENT_TARGET = 16.4;
				MTL_ENABLE_DEBUG_INFO = NO;
				MTL_FAST_MATH = YES;
				SDKROOT = iphoneos;
				SWIFT_COMPILATION_MODE = wholemodule;
				SWIFT_OPTIMIZATION_LEVEL = "-O";
				VALIDATE_PRODUCT = YES;
			};
			name = Release;
		};
		434439A429FCD2DF002F292F /* Debug */ = {
			isa = XCBuildConfiguration;
			buildSettings = {
				ASSETCATALOG_COMPILER_APPICON_NAME = AppIcon;
				ASSETCATALOG_COMPILER_GLOBAL_ACCENT_COLOR_NAME = AccentColor;
				CODE_SIGN_STYLE = Automatic;
				CURRENT_PROJECT_VERSION = 1;
				DEVELOPMENT_TEAM = UDCS6NMGF8;
				GENERATE_INFOPLIST_FILE = YES;
				INFOPLIST_FILE = DinnerHack/Info.plist;
				INFOPLIST_KEY_UIApplicationSupportsIndirectInputEvents = YES;
				INFOPLIST_KEY_UILaunchStoryboardName = LaunchScreen;
				INFOPLIST_KEY_UIMainStoryboardFile = Main;
				INFOPLIST_KEY_UISupportedInterfaceOrientations_iPad = "UIInterfaceOrientationPortrait UIInterfaceOrientationPortraitUpsideDown UIInterfaceOrientationLandscapeLeft UIInterfaceOrientationLandscapeRight";
				INFOPLIST_KEY_UISupportedInterfaceOrientations_iPhone = "UIInterfaceOrientationPortrait UIInterfaceOrientationLandscapeLeft UIInterfaceOrientationLandscapeRight";
				LD_RUNPATH_SEARCH_PATHS = (
					"$(inherited)",
					"@executable_path/Frameworks",
				);
				MARKETING_VERSION = 1.0;
				PRODUCT_BUNDLE_IDENTIFIER = com.creohwan.DinnerHack;
				PRODUCT_NAME = "$(TARGET_NAME)";
				SWIFT_EMIT_LOC_STRINGS = YES;
				SWIFT_VERSION = 5.0;
				TARGETED_DEVICE_FAMILY = "1,2";
			};
			name = Debug;
		};
		434439A529FCD2DF002F292F /* Release */ = {
			isa = XCBuildConfiguration;
			buildSettings = {
				ASSETCATALOG_COMPILER_APPICON_NAME = AppIcon;
				ASSETCATALOG_COMPILER_GLOBAL_ACCENT_COLOR_NAME = AccentColor;
				CODE_SIGN_STYLE = Automatic;
				CURRENT_PROJECT_VERSION = 1;
				DEVELOPMENT_TEAM = UDCS6NMGF8;
				GENERATE_INFOPLIST_FILE = YES;
				INFOPLIST_FILE = DinnerHack/Info.plist;
				INFOPLIST_KEY_UIApplicationSupportsIndirectInputEvents = YES;
				INFOPLIST_KEY_UILaunchStoryboardName = LaunchScreen;
				INFOPLIST_KEY_UIMainStoryboardFile = Main;
				INFOPLIST_KEY_UISupportedInterfaceOrientations_iPad = "UIInterfaceOrientationPortrait UIInterfaceOrientationPortraitUpsideDown UIInterfaceOrientationLandscapeLeft UIInterfaceOrientationLandscapeRight";
				INFOPLIST_KEY_UISupportedInterfaceOrientations_iPhone = "UIInterfaceOrientationPortrait UIInterfaceOrientationLandscapeLeft UIInterfaceOrientationLandscapeRight";
				LD_RUNPATH_SEARCH_PATHS = (
					"$(inherited)",
					"@executable_path/Frameworks",
				);
				MARKETING_VERSION = 1.0;
				PRODUCT_BUNDLE_IDENTIFIER = com.creohwan.DinnerHack;
				PRODUCT_NAME = "$(TARGET_NAME)";
				SWIFT_EMIT_LOC_STRINGS = YES;
				SWIFT_VERSION = 5.0;
				TARGETED_DEVICE_FAMILY = "1,2";
			};
			name = Release;
		};
/* End XCBuildConfiguration section */

/* Begin XCConfigurationList section */
		4344398A29FCD2DE002F292F /* Build configuration list for PBXProject "DinnerHack" */ = {
			isa = XCConfigurationList;
			buildConfigurations = (
				434439A129FCD2DF002F292F /* Debug */,
				434439A229FCD2DF002F292F /* Release */,
			);
			defaultConfigurationIsVisible = 0;
			defaultConfigurationName = Release;
		};
		434439A329FCD2DF002F292F /* Build configuration list for PBXNativeTarget "DinnerHack" */ = {
			isa = XCConfigurationList;
			buildConfigurations = (
				434439A429FCD2DF002F292F /* Debug */,
				434439A529FCD2DF002F292F /* Release */,
			);
			defaultConfigurationIsVisible = 0;
			defaultConfigurationName = Release;
		};
/* End XCConfigurationList section */

/* Begin XCRemoteSwiftPackageReference section */
		85F2CA2E29FCEF7A0054E932 /* XCRemoteSwiftPackageReference "SnapKit" */ = {
			isa = XCRemoteSwiftPackageReference;
			repositoryURL = "https://github.com/SnapKit/SnapKit";
			requirement = {
				kind = upToNextMajorVersion;
				minimumVersion = 5.0.0;
			};
		};
		85F2CA3129FCEFAB0054E932 /* XCRemoteSwiftPackageReference "Moya" */ = {
			isa = XCRemoteSwiftPackageReference;
			repositoryURL = "https://github.com/Moya/Moya";
			requirement = {
				kind = upToNextMajorVersion;
				minimumVersion = 15.0.0;
			};
		};
		85F2CA3429FCEFBC0054E932 /* XCRemoteSwiftPackageReference "Then" */ = {
			isa = XCRemoteSwiftPackageReference;
			repositoryURL = "https://github.com/devxoul/Then";
			requirement = {
				kind = upToNextMajorVersion;
				minimumVersion = 3.0.0;
			};
		};
/* End XCRemoteSwiftPackageReference section */

/* Begin XCSwiftPackageProductDependency section */
		85F2CA2F29FCEF7A0054E932 /* SnapKit */ = {
			isa = XCSwiftPackageProductDependency;
			package = 85F2CA2E29FCEF7A0054E932 /* XCRemoteSwiftPackageReference "SnapKit" */;
			productName = SnapKit;
		};
		85F2CA3229FCEFAB0054E932 /* Moya */ = {
			isa = XCSwiftPackageProductDependency;
			package = 85F2CA3129FCEFAB0054E932 /* XCRemoteSwiftPackageReference "Moya" */;
			productName = Moya;
		};
		85F2CA3529FCEFBC0054E932 /* Then */ = {
			isa = XCSwiftPackageProductDependency;
			package = 85F2CA3429FCEFBC0054E932 /* XCRemoteSwiftPackageReference "Then" */;
			productName = Then;
		};
/* End XCSwiftPackageProductDependency section */
	};
	rootObject = 4344398729FCD2DE002F292F /* Project object */;
}
